// !$*UTF8*$!
{
	archiveVersion = 1;
	classes = {
	};
	objectVersion = 51;
	objects = {

/* Begin PBXBuildFile section */
		176879724632EB6658084968 /* Pods_PhotoBurst.framework in Frameworks */ = {isa = PBXBuildFile; fileRef = 5B9A541E7F023F3DDE78AA5A /* Pods_PhotoBurst.framework */; };
		3D12231A23C1251B00D5DE1C /* UserShort.swift in Sources */ = {isa = PBXBuildFile; fileRef = 3D12231923C1251B00D5DE1C /* UserShort.swift */; };
		3D12231C23C130F100D5DE1C /* ProfileCollectionViewCell.swift in Sources */ = {isa = PBXBuildFile; fileRef = 3D12231B23C130F100D5DE1C /* ProfileCollectionViewCell.swift */; };
		3D12231E23C13B9200D5DE1C /* UserFull.swift in Sources */ = {isa = PBXBuildFile; fileRef = 3D12231D23C13B9200D5DE1C /* UserFull.swift */; };
		3D275BE423AAC24D0020B7B5 /* AppDelegate.swift in Sources */ = {isa = PBXBuildFile; fileRef = 3D275BE323AAC24D0020B7B5 /* AppDelegate.swift */; };
		3D275BE623AAC24D0020B7B5 /* SceneDelegate.swift in Sources */ = {isa = PBXBuildFile; fileRef = 3D275BE523AAC24D0020B7B5 /* SceneDelegate.swift */; };
		3D275BED23AAC24F0020B7B5 /* Assets.xcassets in Resources */ = {isa = PBXBuildFile; fileRef = 3D275BEC23AAC24F0020B7B5 /* Assets.xcassets */; };
		3D275BF023AAC24F0020B7B5 /* LaunchScreen.storyboard in Resources */ = {isa = PBXBuildFile; fileRef = 3D275BEE23AAC24F0020B7B5 /* LaunchScreen.storyboard */; };
		3D275BF823AAC2B30020B7B5 /* TakePhotoViewController.swift in Sources */ = {isa = PBXBuildFile; fileRef = 3D275BF723AAC2B30020B7B5 /* TakePhotoViewController.swift */; };
		3D4A272A23AE91EA00C77A9D /* GoogleService-Info.plist in Resources */ = {isa = PBXBuildFile; fileRef = 3D4A272923AE91EA00C77A9D /* GoogleService-Info.plist */; };
		3D4A272C23AE962300C77A9D /* FeedViewController.swift in Sources */ = {isa = PBXBuildFile; fileRef = 3D4A272B23AE962300C77A9D /* FeedViewController.swift */; };
		3D4A272E23AEA14500C77A9D /* SignInViewController.swift in Sources */ = {isa = PBXBuildFile; fileRef = 3D4A272D23AEA14500C77A9D /* SignInViewController.swift */; };
		3D4A273023AEB7D900C77A9D /* SearchViewController.swift in Sources */ = {isa = PBXBuildFile; fileRef = 3D4A272F23AEB7D900C77A9D /* SearchViewController.swift */; };
		3D4A273323AEBBD600C77A9D /* ToolBar.swift in Sources */ = {isa = PBXBuildFile; fileRef = 3D4A273223AEBBD600C77A9D /* ToolBar.swift */; };
		3D4A273523AEBC8F00C77A9D /* Filter.swift in Sources */ = {isa = PBXBuildFile; fileRef = 3D4A273423AEBC8F00C77A9D /* Filter.swift */; };
		3D4A273723AEBE3700C77A9D /* FeedCollectionViewCell.swift in Sources */ = {isa = PBXBuildFile; fileRef = 3D4A273623AEBE3700C77A9D /* FeedCollectionViewCell.swift */; };
		3D4A273923AEC8E500C77A9D /* UserInfoViewController.swift in Sources */ = {isa = PBXBuildFile; fileRef = 3D4A273823AEC8E500C77A9D /* UserInfoViewController.swift */; };
		3D5A0D2C23BD905700FA79C9 /* FormatDate.swift in Sources */ = {isa = PBXBuildFile; fileRef = 3D5A0D2B23BD905700FA79C9 /* FormatDate.swift */; };
		3D5A0D2F23BDA55000FA79C9 /* PopIn.swift in Sources */ = {isa = PBXBuildFile; fileRef = 3D5A0D2E23BDA55000FA79C9 /* PopIn.swift */; };
		3D5DE33823AC8D4E00FCF449 /* EditViewController.swift in Sources */ = {isa = PBXBuildFile; fileRef = 3D5DE33723AC8D4E00FCF449 /* EditViewController.swift */; };
		3D64C95223B67FC600B6C4B8 /* NetworkCalls.swift in Sources */ = {isa = PBXBuildFile; fileRef = 3D64C95123B67FC600B6C4B8 /* NetworkCalls.swift */; };
		3D64C95623B6FBDF00B6C4B8 /* Spinner.swift in Sources */ = {isa = PBXBuildFile; fileRef = 3D64C95523B6FBDF00B6C4B8 /* Spinner.swift */; };
		3D64C95823B707F600B6C4B8 /* FeedCollectionView.swift in Sources */ = {isa = PBXBuildFile; fileRef = 3D64C95723B707F600B6C4B8 /* FeedCollectionView.swift */; };
		3D77F86E23BAB35D006FA81C /* Post.swift in Sources */ = {isa = PBXBuildFile; fileRef = 3D77F86D23BAB35D006FA81C /* Post.swift */; };
		3D80278023B57AF100E17CD5 /* SignInView.swift in Sources */ = {isa = PBXBuildFile; fileRef = 3D80277F23B57AF100E17CD5 /* SignInView.swift */; };
		3D906C3523BE662A0010AFEC /* Constants.swift in Sources */ = {isa = PBXBuildFile; fileRef = 3D906C3423BE662A0010AFEC /* Constants.swift */; };
		3D906C3723BE74A50010AFEC /* SettingsTableViewController.swift in Sources */ = {isa = PBXBuildFile; fileRef = 3D906C3623BE74A50010AFEC /* SettingsTableViewController.swift */; };
		3D906C3923BE75000010AFEC /* SettingsTableCell.swift in Sources */ = {isa = PBXBuildFile; fileRef = 3D906C3823BE75000010AFEC /* SettingsTableCell.swift */; };
		3D906C3B23BE81A50010AFEC /* FetchUserData.swift in Sources */ = {isa = PBXBuildFile; fileRef = 3D906C3A23BE81A50010AFEC /* FetchUserData.swift */; };
		3D906C3D23BE90590010AFEC /* ProfileViewController.swift in Sources */ = {isa = PBXBuildFile; fileRef = 3D906C3C23BE90590010AFEC /* ProfileViewController.swift */; };
		3D906C3F23BEA24A0010AFEC /* ActionReport.swift in Sources */ = {isa = PBXBuildFile; fileRef = 3D906C3E23BEA24A0010AFEC /* ActionReport.swift */; };
		3DB44F5023BFF552002EBB76 /* DiscoverViewController.swift in Sources */ = {isa = PBXBuildFile; fileRef = 3DB44F4F23BFF552002EBB76 /* DiscoverViewController.swift */; };
		3DB44F5223BFF76C002EBB76 /* ProfileCollectionView.swift in Sources */ = {isa = PBXBuildFile; fileRef = 3DB44F5123BFF76C002EBB76 /* ProfileCollectionView.swift */; };
		3DE3B0EE23AD7F8B0092BA46 /* FilterCollectionViewCell.swift in Sources */ = {isa = PBXBuildFile; fileRef = 3DE3B0ED23AD7F8B0092BA46 /* FilterCollectionViewCell.swift */; };
/* End PBXBuildFile section */

/* Begin PBXFileReference section */
		3D12231923C1251B00D5DE1C /* UserShort.swift */ = {isa = PBXFileReference; lastKnownFileType = sourcecode.swift; path = UserShort.swift; sourceTree = "<group>"; };
		3D12231B23C130F100D5DE1C /* ProfileCollectionViewCell.swift */ = {isa = PBXFileReference; lastKnownFileType = sourcecode.swift; path = ProfileCollectionViewCell.swift; sourceTree = "<group>"; };
		3D12231D23C13B9200D5DE1C /* UserFull.swift */ = {isa = PBXFileReference; lastKnownFileType = sourcecode.swift; path = UserFull.swift; sourceTree = "<group>"; };
		3D275BE023AAC24D0020B7B5 /* Flutter.app */ = {isa = PBXFileReference; explicitFileType = wrapper.application; includeInIndex = 0; path = Flutter.app; sourceTree = BUILT_PRODUCTS_DIR; };
		3D275BE323AAC24D0020B7B5 /* AppDelegate.swift */ = {isa = PBXFileReference; lastKnownFileType = sourcecode.swift; path = AppDelegate.swift; sourceTree = "<group>"; };
		3D275BE523AAC24D0020B7B5 /* SceneDelegate.swift */ = {isa = PBXFileReference; lastKnownFileType = sourcecode.swift; path = SceneDelegate.swift; sourceTree = "<group>"; };
		3D275BEC23AAC24F0020B7B5 /* Assets.xcassets */ = {isa = PBXFileReference; lastKnownFileType = folder.assetcatalog; path = Assets.xcassets; sourceTree = "<group>"; };
		3D275BEF23AAC24F0020B7B5 /* Base */ = {isa = PBXFileReference; lastKnownFileType = file.storyboard; name = Base; path = Base.lproj/LaunchScreen.storyboard; sourceTree = "<group>"; };
		3D275BF123AAC24F0020B7B5 /* Info.plist */ = {isa = PBXFileReference; lastKnownFileType = text.plist.xml; path = Info.plist; sourceTree = "<group>"; };
		3D275BF723AAC2B30020B7B5 /* TakePhotoViewController.swift */ = {isa = PBXFileReference; lastKnownFileType = sourcecode.swift; path = TakePhotoViewController.swift; sourceTree = "<group>"; };
		3D4A272923AE91EA00C77A9D /* GoogleService-Info.plist */ = {isa = PBXFileReference; fileEncoding = 4; lastKnownFileType = text.plist.xml; path = "GoogleService-Info.plist"; sourceTree = "<group>"; };
		3D4A272B23AE962300C77A9D /* FeedViewController.swift */ = {isa = PBXFileReference; lastKnownFileType = sourcecode.swift; path = FeedViewController.swift; sourceTree = "<group>"; };
		3D4A272D23AEA14500C77A9D /* SignInViewController.swift */ = {isa = PBXFileReference; lastKnownFileType = sourcecode.swift; path = SignInViewController.swift; sourceTree = "<group>"; };
		3D4A272F23AEB7D900C77A9D /* SearchViewController.swift */ = {isa = PBXFileReference; lastKnownFileType = sourcecode.swift; path = SearchViewController.swift; sourceTree = "<group>"; };
		3D4A273223AEBBD600C77A9D /* ToolBar.swift */ = {isa = PBXFileReference; lastKnownFileType = sourcecode.swift; path = ToolBar.swift; sourceTree = "<group>"; };
		3D4A273423AEBC8F00C77A9D /* Filter.swift */ = {isa = PBXFileReference; lastKnownFileType = sourcecode.swift; path = Filter.swift; sourceTree = "<group>"; };
		3D4A273623AEBE3700C77A9D /* FeedCollectionViewCell.swift */ = {isa = PBXFileReference; lastKnownFileType = sourcecode.swift; path = FeedCollectionViewCell.swift; sourceTree = "<group>"; };
		3D4A273823AEC8E500C77A9D /* UserInfoViewController.swift */ = {isa = PBXFileReference; lastKnownFileType = sourcecode.swift; path = UserInfoViewController.swift; sourceTree = "<group>"; };
		3D5A0D2B23BD905700FA79C9 /* FormatDate.swift */ = {isa = PBXFileReference; lastKnownFileType = sourcecode.swift; path = FormatDate.swift; sourceTree = "<group>"; };
		3D5A0D2E23BDA55000FA79C9 /* PopIn.swift */ = {isa = PBXFileReference; lastKnownFileType = sourcecode.swift; path = PopIn.swift; sourceTree = "<group>"; };
		3D5DE33723AC8D4E00FCF449 /* EditViewController.swift */ = {isa = PBXFileReference; lastKnownFileType = sourcecode.swift; path = EditViewController.swift; sourceTree = "<group>"; };
		3D64C95123B67FC600B6C4B8 /* NetworkCalls.swift */ = {isa = PBXFileReference; lastKnownFileType = sourcecode.swift; path = NetworkCalls.swift; sourceTree = "<group>"; };
		3D64C95523B6FBDF00B6C4B8 /* Spinner.swift */ = {isa = PBXFileReference; lastKnownFileType = sourcecode.swift; path = Spinner.swift; sourceTree = "<group>"; };
		3D64C95723B707F600B6C4B8 /* FeedCollectionView.swift */ = {isa = PBXFileReference; lastKnownFileType = sourcecode.swift; path = FeedCollectionView.swift; sourceTree = "<group>"; };
		3D77F86D23BAB35D006FA81C /* Post.swift */ = {isa = PBXFileReference; lastKnownFileType = sourcecode.swift; path = Post.swift; sourceTree = "<group>"; };
		3D80277F23B57AF100E17CD5 /* SignInView.swift */ = {isa = PBXFileReference; lastKnownFileType = sourcecode.swift; path = SignInView.swift; sourceTree = "<group>"; };
		3D906C3423BE662A0010AFEC /* Constants.swift */ = {isa = PBXFileReference; lastKnownFileType = sourcecode.swift; path = Constants.swift; sourceTree = "<group>"; };
		3D906C3623BE74A50010AFEC /* SettingsTableViewController.swift */ = {isa = PBXFileReference; lastKnownFileType = sourcecode.swift; path = SettingsTableViewController.swift; sourceTree = "<group>"; };
		3D906C3823BE75000010AFEC /* SettingsTableCell.swift */ = {isa = PBXFileReference; lastKnownFileType = sourcecode.swift; path = SettingsTableCell.swift; sourceTree = "<group>"; };
		3D906C3A23BE81A50010AFEC /* FetchUserData.swift */ = {isa = PBXFileReference; lastKnownFileType = sourcecode.swift; path = FetchUserData.swift; sourceTree = "<group>"; };
		3D906C3C23BE90590010AFEC /* ProfileViewController.swift */ = {isa = PBXFileReference; lastKnownFileType = sourcecode.swift; path = ProfileViewController.swift; sourceTree = "<group>"; };
		3D906C3E23BEA24A0010AFEC /* ActionReport.swift */ = {isa = PBXFileReference; lastKnownFileType = sourcecode.swift; path = ActionReport.swift; sourceTree = "<group>"; };
		3DB44F4F23BFF552002EBB76 /* DiscoverViewController.swift */ = {isa = PBXFileReference; lastKnownFileType = sourcecode.swift; path = DiscoverViewController.swift; sourceTree = "<group>"; };
		3DB44F5123BFF76C002EBB76 /* ProfileCollectionView.swift */ = {isa = PBXFileReference; lastKnownFileType = sourcecode.swift; path = ProfileCollectionView.swift; sourceTree = "<group>"; };
		3DE3B0ED23AD7F8B0092BA46 /* FilterCollectionViewCell.swift */ = {isa = PBXFileReference; lastKnownFileType = sourcecode.swift; path = FilterCollectionViewCell.swift; sourceTree = "<group>"; };
		539F12DD0831C48263AC2264 /* Pods-PhotoBurst.release.xcconfig */ = {isa = PBXFileReference; includeInIndex = 1; lastKnownFileType = text.xcconfig; name = "Pods-PhotoBurst.release.xcconfig"; path = "Target Support Files/Pods-PhotoBurst/Pods-PhotoBurst.release.xcconfig"; sourceTree = "<group>"; };
		5B9A541E7F023F3DDE78AA5A /* Pods_PhotoBurst.framework */ = {isa = PBXFileReference; explicitFileType = wrapper.framework; includeInIndex = 0; path = Pods_PhotoBurst.framework; sourceTree = BUILT_PRODUCTS_DIR; };
		6E170B30AD47BEE73E8853B8 /* Pods-PhotoBurst.debug.xcconfig */ = {isa = PBXFileReference; includeInIndex = 1; lastKnownFileType = text.xcconfig; name = "Pods-PhotoBurst.debug.xcconfig"; path = "Target Support Files/Pods-PhotoBurst/Pods-PhotoBurst.debug.xcconfig"; sourceTree = "<group>"; };
/* End PBXFileReference section */

/* Begin PBXFrameworksBuildPhase section */
		3D275BDD23AAC24D0020B7B5 /* Frameworks */ = {
			isa = PBXFrameworksBuildPhase;
			buildActionMask = 2147483647;
			files = (
				176879724632EB6658084968 /* Pods_PhotoBurst.framework in Frameworks */,
			);
			runOnlyForDeploymentPostprocessing = 0;
		};
/* End PBXFrameworksBuildPhase section */

/* Begin PBXGroup section */
		3D275BD723AAC24D0020B7B5 = {
			isa = PBXGroup;
			children = (
				3D275BE223AAC24D0020B7B5 /* PhotoBurst */,
				3D275BE123AAC24D0020B7B5 /* Products */,
				580F644BB71BDC9E8389C6DA /* Pods */,
				A7307EF6ED8DBCA27B9AD177 /* Frameworks */,
			);
			sourceTree = "<group>";
		};
		3D275BE123AAC24D0020B7B5 /* Products */ = {
			isa = PBXGroup;
			children = (
				3D275BE023AAC24D0020B7B5 /* Flutter.app */,
			);
			name = Products;
			sourceTree = "<group>";
		};
		3D275BE223AAC24D0020B7B5 /* PhotoBurst */ = {
			isa = PBXGroup;
			children = (
				3D275BE323AAC24D0020B7B5 /* AppDelegate.swift */,
				3D275BE523AAC24D0020B7B5 /* SceneDelegate.swift */,
				3D275BF123AAC24F0020B7B5 /* Info.plist */,
				3D4A272923AE91EA00C77A9D /* GoogleService-Info.plist */,
				3DBC4B8B23B4904C00829290 /* Model */,
				3DBC4B8C23B4905600829290 /* View */,
				3DBC4B8D23B4905B00829290 /* Controller */,
				3D4A273123AEBBC300C77A9D /* Extensions */,
				3D5A0D2D23BDA53E00FA79C9 /* Animations */,
				3DBC4B8923B48FF900829290 /* Resources */,
			);
			path = PhotoBurst;
			sourceTree = "<group>";
		};
		3D4A273123AEBBC300C77A9D /* Extensions */ = {
			isa = PBXGroup;
			children = (
				3D4A273223AEBBD600C77A9D /* ToolBar.swift */,
				3D4A273423AEBC8F00C77A9D /* Filter.swift */,
				3D64C95523B6FBDF00B6C4B8 /* Spinner.swift */,
				3D906C3E23BEA24A0010AFEC /* ActionReport.swift */,
			);
			path = Extensions;
			sourceTree = "<group>";
		};
		3D5A0D2D23BDA53E00FA79C9 /* Animations */ = {
			isa = PBXGroup;
			children = (
				3D5A0D2E23BDA55000FA79C9 /* PopIn.swift */,
			);
			path = Animations;
			sourceTree = "<group>";
		};
		3DBC4B8923B48FF900829290 /* Resources */ = {
			isa = PBXGroup;
			children = (
				3D906C3423BE662A0010AFEC /* Constants.swift */,
				3D275BEC23AAC24F0020B7B5 /* Assets.xcassets */,
				3D275BEE23AAC24F0020B7B5 /* LaunchScreen.storyboard */,
			);
			path = Resources;
			sourceTree = "<group>";
		};
		3DBC4B8B23B4904C00829290 /* Model */ = {
			isa = PBXGroup;
			children = (
				3D64C95123B67FC600B6C4B8 /* NetworkCalls.swift */,
				3D77F86D23BAB35D006FA81C /* Post.swift */,
				3D12231923C1251B00D5DE1C /* UserShort.swift */,
				3D12231D23C13B9200D5DE1C /* UserFull.swift */,
				3D5A0D2B23BD905700FA79C9 /* FormatDate.swift */,
				3D906C3A23BE81A50010AFEC /* FetchUserData.swift */,
			);
			path = Model;
			sourceTree = "<group>";
		};
		3DBC4B8C23B4905600829290 /* View */ = {
			isa = PBXGroup;
			children = (
				3D80277F23B57AF100E17CD5 /* SignInView.swift */,
				3D64C95723B707F600B6C4B8 /* FeedCollectionView.swift */,
				3DB44F5123BFF76C002EBB76 /* ProfileCollectionView.swift */,
				3DBC4B8E23B4907100829290 /* Cells */,
			);
			path = View;
			sourceTree = "<group>";
		};
		3DBC4B8D23B4905B00829290 /* Controller */ = {
			isa = PBXGroup;
			children = (
				3D4A272D23AEA14500C77A9D /* SignInViewController.swift */,
				3D906C3623BE74A50010AFEC /* SettingsTableViewController.swift */,
				3D4A273823AEC8E500C77A9D /* UserInfoViewController.swift */,
				3D275BF723AAC2B30020B7B5 /* TakePhotoViewController.swift */,
				3D5DE33723AC8D4E00FCF449 /* EditViewController.swift */,
				3D4A272B23AE962300C77A9D /* FeedViewController.swift */,
				3D906C3C23BE90590010AFEC /* ProfileViewController.swift */,
				3DB44F4F23BFF552002EBB76 /* DiscoverViewController.swift */,
				3D4A272F23AEB7D900C77A9D /* SearchViewController.swift */,
			);
			path = Controller;
			sourceTree = "<group>";
		};
		3DBC4B8E23B4907100829290 /* Cells */ = {
			isa = PBXGroup;
			children = (
				3DE3B0ED23AD7F8B0092BA46 /* FilterCollectionViewCell.swift */,
				3D4A273623AEBE3700C77A9D /* FeedCollectionViewCell.swift */,
				3D12231B23C130F100D5DE1C /* ProfileCollectionViewCell.swift */,
				3D906C3823BE75000010AFEC /* SettingsTableCell.swift */,
			);
			path = Cells;
			sourceTree = "<group>";
		};
		580F644BB71BDC9E8389C6DA /* Pods */ = {
			isa = PBXGroup;
			children = (
				6E170B30AD47BEE73E8853B8 /* Pods-PhotoBurst.debug.xcconfig */,
				539F12DD0831C48263AC2264 /* Pods-PhotoBurst.release.xcconfig */,
			);
			path = Pods;
			sourceTree = "<group>";
		};
		A7307EF6ED8DBCA27B9AD177 /* Frameworks */ = {
			isa = PBXGroup;
			children = (
				5B9A541E7F023F3DDE78AA5A /* Pods_PhotoBurst.framework */,
			);
			name = Frameworks;
			sourceTree = "<group>";
		};
/* End PBXGroup section */

/* Begin PBXNativeTarget section */
		3D275BDF23AAC24D0020B7B5 /* PhotoBurst */ = {
			isa = PBXNativeTarget;
			buildConfigurationList = 3D275BF423AAC24F0020B7B5 /* Build configuration list for PBXNativeTarget "PhotoBurst" */;
			buildPhases = (
				47449B3595CB7754C5A50680 /* [CP] Check Pods Manifest.lock */,
				3D275BDC23AAC24D0020B7B5 /* Sources */,
				3D275BDD23AAC24D0020B7B5 /* Frameworks */,
				3D275BDE23AAC24D0020B7B5 /* Resources */,
				D8B38929718905D8C04F07D9 /* [CP] Embed Pods Frameworks */,
				94E56924999ACBD620F1F779 /* [CP] Copy Pods Resources */,
			);
			buildRules = (
			);
			dependencies = (
			);
			name = PhotoBurst;
			productName = PhotoBurst;
			productReference = 3D275BE023AAC24D0020B7B5 /* Flutter.app */;
			productType = "com.apple.product-type.application";
		};
/* End PBXNativeTarget section */

/* Begin PBXProject section */
		3D275BD823AAC24D0020B7B5 /* Project object */ = {
			isa = PBXProject;
			attributes = {
				LastSwiftUpdateCheck = 1110;
				LastUpgradeCheck = 1110;
				ORGANIZATIONNAME = "Ryan Schefske";
				TargetAttributes = {
					3D275BDF23AAC24D0020B7B5 = {
						CreatedOnToolsVersion = 11.1;
					};
				};
			};
			buildConfigurationList = 3D275BDB23AAC24D0020B7B5 /* Build configuration list for PBXProject "PhotoBurst" */;
			compatibilityVersion = "Xcode 9.3";
			developmentRegion = en;
			hasScannedForEncodings = 0;
			knownRegions = (
				en,
				Base,
			);
			mainGroup = 3D275BD723AAC24D0020B7B5;
			productRefGroup = 3D275BE123AAC24D0020B7B5 /* Products */;
			projectDirPath = "";
			projectRoot = "";
			targets = (
				3D275BDF23AAC24D0020B7B5 /* PhotoBurst */,
			);
		};
/* End PBXProject section */

/* Begin PBXResourcesBuildPhase section */
		3D275BDE23AAC24D0020B7B5 /* Resources */ = {
			isa = PBXResourcesBuildPhase;
			buildActionMask = 2147483647;
			files = (
				3D275BF023AAC24F0020B7B5 /* LaunchScreen.storyboard in Resources */,
				3D275BED23AAC24F0020B7B5 /* Assets.xcassets in Resources */,
				3D4A272A23AE91EA00C77A9D /* GoogleService-Info.plist in Resources */,
			);
			runOnlyForDeploymentPostprocessing = 0;
		};
/* End PBXResourcesBuildPhase section */

/* Begin PBXShellScriptBuildPhase section */
		47449B3595CB7754C5A50680 /* [CP] Check Pods Manifest.lock */ = {
			isa = PBXShellScriptBuildPhase;
			buildActionMask = 2147483647;
			files = (
			);
			inputFileListPaths = (
			);
			inputPaths = (
				"${PODS_PODFILE_DIR_PATH}/Podfile.lock",
				"${PODS_ROOT}/Manifest.lock",
			);
			name = "[CP] Check Pods Manifest.lock";
			outputFileListPaths = (
			);
			outputPaths = (
				"$(DERIVED_FILE_DIR)/Pods-PhotoBurst-checkManifestLockResult.txt",
			);
			runOnlyForDeploymentPostprocessing = 0;
			shellPath = /bin/sh;
			shellScript = "diff \"${PODS_PODFILE_DIR_PATH}/Podfile.lock\" \"${PODS_ROOT}/Manifest.lock\" > /dev/null\nif [ $? != 0 ] ; then\n    # print error to STDERR\n    echo \"error: The sandbox is not in sync with the Podfile.lock. Run 'pod install' or update your CocoaPods installation.\" >&2\n    exit 1\nfi\n# This output is used by Xcode 'outputs' to avoid re-running this script phase.\necho \"SUCCESS\" > \"${SCRIPT_OUTPUT_FILE_0}\"\n";
			showEnvVarsInLog = 0;
		};
		94E56924999ACBD620F1F779 /* [CP] Copy Pods Resources */ = {
			isa = PBXShellScriptBuildPhase;
			buildActionMask = 2147483647;
			files = (
			);
			inputFileListPaths = (
				"${PODS_ROOT}/Target Support Files/Pods-PhotoBurst/Pods-PhotoBurst-resources-${CONFIGURATION}-input-files.xcfilelist",
			);
			name = "[CP] Copy Pods Resources";
			outputFileListPaths = (
				"${PODS_ROOT}/Target Support Files/Pods-PhotoBurst/Pods-PhotoBurst-resources-${CONFIGURATION}-output-files.xcfilelist",
			);
			runOnlyForDeploymentPostprocessing = 0;
			shellPath = /bin/sh;
			shellScript = "\"${PODS_ROOT}/Target Support Files/Pods-PhotoBurst/Pods-PhotoBurst-resources.sh\"\n";
			showEnvVarsInLog = 0;
		};
		D8B38929718905D8C04F07D9 /* [CP] Embed Pods Frameworks */ = {
			isa = PBXShellScriptBuildPhase;
			buildActionMask = 2147483647;
			files = (
			);
			inputFileListPaths = (
				"${PODS_ROOT}/Target Support Files/Pods-PhotoBurst/Pods-PhotoBurst-frameworks-${CONFIGURATION}-input-files.xcfilelist",
			);
			name = "[CP] Embed Pods Frameworks";
			outputFileListPaths = (
				"${PODS_ROOT}/Target Support Files/Pods-PhotoBurst/Pods-PhotoBurst-frameworks-${CONFIGURATION}-output-files.xcfilelist",
			);
			runOnlyForDeploymentPostprocessing = 0;
			shellPath = /bin/sh;
			shellScript = "\"${PODS_ROOT}/Target Support Files/Pods-PhotoBurst/Pods-PhotoBurst-frameworks.sh\"\n";
			showEnvVarsInLog = 0;
		};
/* End PBXShellScriptBuildPhase section */

/* Begin PBXSourcesBuildPhase section */
		3D275BDC23AAC24D0020B7B5 /* Sources */ = {
			isa = PBXSourcesBuildPhase;
			buildActionMask = 2147483647;
			files = (
				3D4A273323AEBBD600C77A9D /* ToolBar.swift in Sources */,
				3D906C3B23BE81A50010AFEC /* FetchUserData.swift in Sources */,
				3D64C95823B707F600B6C4B8 /* FeedCollectionView.swift in Sources */,
				3D12231C23C130F100D5DE1C /* ProfileCollectionViewCell.swift in Sources */,
				3D4A273523AEBC8F00C77A9D /* Filter.swift in Sources */,
				3D64C95223B67FC600B6C4B8 /* NetworkCalls.swift in Sources */,
				3D12231A23C1251B00D5DE1C /* UserShort.swift in Sources */,
				3D4A273723AEBE3700C77A9D /* FeedCollectionViewCell.swift in Sources */,
				3D5A0D2C23BD905700FA79C9 /* FormatDate.swift in Sources */,
				3D4A272E23AEA14500C77A9D /* SignInViewController.swift in Sources */,
				3D4A273923AEC8E500C77A9D /* UserInfoViewController.swift in Sources */,
				3D5DE33823AC8D4E00FCF449 /* EditViewController.swift in Sources */,
				3D64C95623B6FBDF00B6C4B8 /* Spinner.swift in Sources */,
				3D4A273023AEB7D900C77A9D /* SearchViewController.swift in Sources */,
				3D906C3523BE662A0010AFEC /* Constants.swift in Sources */,
				3D906C3F23BEA24A0010AFEC /* ActionReport.swift in Sources */,
				3D275BE423AAC24D0020B7B5 /* AppDelegate.swift in Sources */,
				3D906C3723BE74A50010AFEC /* SettingsTableViewController.swift in Sources */,
				3DB44F5223BFF76C002EBB76 /* ProfileCollectionView.swift in Sources */,
				3D275BF823AAC2B30020B7B5 /* TakePhotoViewController.swift in Sources */,
				3DB44F5023BFF552002EBB76 /* DiscoverViewController.swift in Sources */,
				3D275BE623AAC24D0020B7B5 /* SceneDelegate.swift in Sources */,
				3D4A272C23AE962300C77A9D /* FeedViewController.swift in Sources */,
				3D906C3923BE75000010AFEC /* SettingsTableCell.swift in Sources */,
				3D5A0D2F23BDA55000FA79C9 /* PopIn.swift in Sources */,
				3D77F86E23BAB35D006FA81C /* Post.swift in Sources */,
				3D906C3D23BE90590010AFEC /* ProfileViewController.swift in Sources */,
				3DE3B0EE23AD7F8B0092BA46 /* FilterCollectionViewCell.swift in Sources */,
				3D80278023B57AF100E17CD5 /* SignInView.swift in Sources */,
				3D12231E23C13B9200D5DE1C /* UserFull.swift in Sources */,
			);
			runOnlyForDeploymentPostprocessing = 0;
		};
/* End PBXSourcesBuildPhase section */

/* Begin PBXVariantGroup section */
		3D275BEE23AAC24F0020B7B5 /* LaunchScreen.storyboard */ = {
			isa = PBXVariantGroup;
			children = (
				3D275BEF23AAC24F0020B7B5 /* Base */,
			);
			name = LaunchScreen.storyboard;
			sourceTree = "<group>";
		};
/* End PBXVariantGroup section */

/* Begin XCBuildConfiguration section */
		3D275BF223AAC24F0020B7B5 /* Debug */ = {
			isa = XCBuildConfiguration;
			buildSettings = {
				ALWAYS_SEARCH_USER_PATHS = NO;
				CLANG_ANALYZER_NONNULL = YES;
				CLANG_ANALYZER_NUMBER_OBJECT_CONVERSION = YES_AGGRESSIVE;
				CLANG_CXX_LANGUAGE_STANDARD = "gnu++14";
				CLANG_CXX_LIBRARY = "libc++";
				CLANG_ENABLE_MODULES = YES;
				CLANG_ENABLE_OBJC_ARC = YES;
				CLANG_ENABLE_OBJC_WEAK = YES;
				CLANG_WARN_BLOCK_CAPTURE_AUTORELEASING = YES;
				CLANG_WARN_BOOL_CONVERSION = YES;
				CLANG_WARN_COMMA = YES;
				CLANG_WARN_CONSTANT_CONVERSION = YES;
				CLANG_WARN_DEPRECATED_OBJC_IMPLEMENTATIONS = YES;
				CLANG_WARN_DIRECT_OBJC_ISA_USAGE = YES_ERROR;
				CLANG_WARN_DOCUMENTATION_COMMENTS = YES;
				CLANG_WARN_EMPTY_BODY = YES;
				CLANG_WARN_ENUM_CONVERSION = YES;
				CLANG_WARN_INFINITE_RECURSION = YES;
				CLANG_WARN_INT_CONVERSION = YES;
				CLANG_WARN_NON_LITERAL_NULL_CONVERSION = YES;
				CLANG_WARN_OBJC_IMPLICIT_RETAIN_SELF = YES;
				CLANG_WARN_OBJC_LITERAL_CONVERSION = YES;
				CLANG_WARN_OBJC_ROOT_CLASS = YES_ERROR;
				CLANG_WARN_RANGE_LOOP_ANALYSIS = YES;
				CLANG_WARN_STRICT_PROTOTYPES = YES;
				CLANG_WARN_SUSPICIOUS_MOVE = YES;
				CLANG_WARN_UNGUARDED_AVAILABILITY = YES_AGGRESSIVE;
				CLANG_WARN_UNREACHABLE_CODE = YES;
				CLANG_WARN__DUPLICATE_METHOD_MATCH = YES;
				COPY_PHASE_STRIP = NO;
				DEBUG_INFORMATION_FORMAT = dwarf;
				ENABLE_STRICT_OBJC_MSGSEND = YES;
				ENABLE_TESTABILITY = YES;
				GCC_C_LANGUAGE_STANDARD = gnu11;
				GCC_DYNAMIC_NO_PIC = NO;
				GCC_NO_COMMON_BLOCKS = YES;
				GCC_OPTIMIZATION_LEVEL = 0;
				GCC_PREPROCESSOR_DEFINITIONS = (
					"DEBUG=1",
					"$(inherited)",
				);
				GCC_WARN_64_TO_32_BIT_CONVERSION = YES;
				GCC_WARN_ABOUT_RETURN_TYPE = YES_ERROR;
				GCC_WARN_UNDECLARED_SELECTOR = YES;
				GCC_WARN_UNINITIALIZED_AUTOS = YES_AGGRESSIVE;
				GCC_WARN_UNUSED_FUNCTION = YES;
				GCC_WARN_UNUSED_VARIABLE = YES;
				IPHONEOS_DEPLOYMENT_TARGET = 13.1;
				MTL_ENABLE_DEBUG_INFO = INCLUDE_SOURCE;
				MTL_FAST_MATH = YES;
				ONLY_ACTIVE_ARCH = YES;
				SDKROOT = iphoneos;
				SWIFT_ACTIVE_COMPILATION_CONDITIONS = DEBUG;
				SWIFT_OPTIMIZATION_LEVEL = "-Onone";
			};
			name = Debug;
		};
		3D275BF323AAC24F0020B7B5 /* Release */ = {
			isa = XCBuildConfiguration;
			buildSettings = {
				ALWAYS_SEARCH_USER_PATHS = NO;
				CLANG_ANALYZER_NONNULL = YES;
				CLANG_ANALYZER_NUMBER_OBJECT_CONVERSION = YES_AGGRESSIVE;
				CLANG_CXX_LANGUAGE_STANDARD = "gnu++14";
				CLANG_CXX_LIBRARY = "libc++";
				CLANG_ENABLE_MODULES = YES;
				CLANG_ENABLE_OBJC_ARC = YES;
				CLANG_ENABLE_OBJC_WEAK = YES;
				CLANG_WARN_BLOCK_CAPTURE_AUTORELEASING = YES;
				CLANG_WARN_BOOL_CONVERSION = YES;
				CLANG_WARN_COMMA = YES;
				CLANG_WARN_CONSTANT_CONVERSION = YES;
				CLANG_WARN_DEPRECATED_OBJC_IMPLEMENTATIONS = YES;
				CLANG_WARN_DIRECT_OBJC_ISA_USAGE = YES_ERROR;
				CLANG_WARN_DOCUMENTATION_COMMENTS = YES;
				CLANG_WARN_EMPTY_BODY = YES;
				CLANG_WARN_ENUM_CONVERSION = YES;
				CLANG_WARN_INFINITE_RECURSION = YES;
				CLANG_WARN_INT_CONVERSION = YES;
				CLANG_WARN_NON_LITERAL_NULL_CONVERSION = YES;
				CLANG_WARN_OBJC_IMPLICIT_RETAIN_SELF = YES;
				CLANG_WARN_OBJC_LITERAL_CONVERSION = YES;
				CLANG_WARN_OBJC_ROOT_CLASS = YES_ERROR;
				CLANG_WARN_RANGE_LOOP_ANALYSIS = YES;
				CLANG_WARN_STRICT_PROTOTYPES = YES;
				CLANG_WARN_SUSPICIOUS_MOVE = YES;
				CLANG_WARN_UNGUARDED_AVAILABILITY = YES_AGGRESSIVE;
				CLANG_WARN_UNREACHABLE_CODE = YES;
				CLANG_WARN__DUPLICATE_METHOD_MATCH = YES;
				COPY_PHASE_STRIP = NO;
				DEBUG_INFORMATION_FORMAT = "dwarf-with-dsym";
				ENABLE_NS_ASSERTIONS = NO;
				ENABLE_STRICT_OBJC_MSGSEND = YES;
				GCC_C_LANGUAGE_STANDARD = gnu11;
				GCC_NO_COMMON_BLOCKS = YES;
				GCC_WARN_64_TO_32_BIT_CONVERSION = YES;
				GCC_WARN_ABOUT_RETURN_TYPE = YES_ERROR;
				GCC_WARN_UNDECLARED_SELECTOR = YES;
				GCC_WARN_UNINITIALIZED_AUTOS = YES_AGGRESSIVE;
				GCC_WARN_UNUSED_FUNCTION = YES;
				GCC_WARN_UNUSED_VARIABLE = YES;
				IPHONEOS_DEPLOYMENT_TARGET = 13.1;
				MTL_ENABLE_DEBUG_INFO = NO;
				MTL_FAST_MATH = YES;
				SDKROOT = iphoneos;
				SWIFT_COMPILATION_MODE = wholemodule;
				SWIFT_OPTIMIZATION_LEVEL = "-O";
				VALIDATE_PRODUCT = YES;
			};
			name = Release;
		};
		3D275BF523AAC24F0020B7B5 /* Debug */ = {
			isa = XCBuildConfiguration;
			baseConfigurationReference = 6E170B30AD47BEE73E8853B8 /* Pods-PhotoBurst.debug.xcconfig */;
			buildSettings = {
				ASSETCATALOG_COMPILER_APPICON_NAME = AppIcon;
				CODE_SIGN_STYLE = Automatic;
				DEVELOPMENT_TEAM = 3LN4LFZD99;
				INFOPLIST_FILE = PhotoBurst/Info.plist;
				IPHONEOS_DEPLOYMENT_TARGET = 13.1;
				LD_RUNPATH_SEARCH_PATHS = (
					"$(inherited)",
					"@executable_path/Frameworks",
				);
				PRODUCT_BUNDLE_IDENTIFIER = com.ryanschefske.PhotoBurst;
				PRODUCT_NAME = Flutter;
				SWIFT_VERSION = 5.0;
				TARGETED_DEVICE_FAMILY = "1,2";
			};
			name = Debug;
		};
		3D275BF623AAC24F0020B7B5 /* Release */ = {
			isa = XCBuildConfiguration;
			baseConfigurationReference = 539F12DD0831C48263AC2264 /* Pods-PhotoBurst.release.xcconfig */;
			buildSettings = {
				ASSETCATALOG_COMPILER_APPICON_NAME = AppIcon;
				CODE_SIGN_STYLE = Automatic;
				DEVELOPMENT_TEAM = 3LN4LFZD99;
				INFOPLIST_FILE = PhotoBurst/Info.plist;
				IPHONEOS_DEPLOYMENT_TARGET = 13.1;
				LD_RUNPATH_SEARCH_PATHS = (
					"$(inherited)",
					"@executable_path/Frameworks",
				);
				PRODUCT_BUNDLE_IDENTIFIER = com.ryanschefske.PhotoBurst;
				PRODUCT_NAME = Flutter;
				SWIFT_VERSION = 5.0;
				TARGETED_DEVICE_FAMILY = "1,2";
			};
			name = Release;
		};
/* End XCBuildConfiguration section */

/* Begin XCConfigurationList section */
		3D275BDB23AAC24D0020B7B5 /* Build configuration list for PBXProject "PhotoBurst" */ = {
			isa = XCConfigurationList;
			buildConfigurations = (
				3D275BF223AAC24F0020B7B5 /* Debug */,
				3D275BF323AAC24F0020B7B5 /* Release */,
			);
			defaultConfigurationIsVisible = 0;
			defaultConfigurationName = Release;
		};
		3D275BF423AAC24F0020B7B5 /* Build configuration list for PBXNativeTarget "PhotoBurst" */ = {
			isa = XCConfigurationList;
			buildConfigurations = (
				3D275BF523AAC24F0020B7B5 /* Debug */,
				3D275BF623AAC24F0020B7B5 /* Release */,
			);
			defaultConfigurationIsVisible = 0;
			defaultConfigurationName = Release;
		};
/* End XCConfigurationList section */
	};
	rootObject = 3D275BD823AAC24D0020B7B5 /* Project object */;
}
